dependencies:
- name: spire-integration-operator
  repository: file://./../spire-integration-operator
  version: 0.1.0
- name: spire
  repository: file://./../spire
  version: 1.0.0
- name: intents-operator
  repository: file://./../intents-operator
  version: 0.1.1
digest: sha256:3fe0182d1d66b95b6d40d7e3e47d047e893e2d411be1a163e8338057b1e22bf8
generated: "2023-01-18T15:02:38.817644906+02:00"
